
Microsoft Visual Studio Solution File, Format Version 12.00
# Visual Studio Version 16
VisualStudioVersion = 16.0.30114.105
MinimumVisualStudioVersion = 10.0.40219.1
Project("{FAE04EC0-301F-11D3-BF4B-00C04F79EFBC}") = "Pasteleria", "Pasteleria.csproj", "{6F131C3B-EDF1-4841-88D2-11C606599246}"
EndProject
Global
	GlobalSection(SolutionConfigurationPlatforms) = preSolution
		Debug|Any CPU = Debug|Any CPU
		Release|Any CPU = Release|Any CPU
	EndGlobalSection
	GlobalSection(ProjectConfigurationPlatforms) = postSolution
		{6F131C3B-EDF1-4841-88D2-11C606599246}.Debug|Any CPU.ActiveCfg = Debug|Any CPU
		{6F131C3B-EDF1-4841-88D2-11C606599246}.Debug|Any CPU.Build.0 = Debug|Any CPU
		{6F131C3B-EDF1-4841-88D2-11C606599246}.Release|Any CPU.ActiveCfg = Release|Any CPU
		{6F131C3B-EDF1-4841-88D2-11C606599246}.Release|Any CPU.Build.0 = Release|Any CPU
	EndGlobalSection
	GlobalSection(SolutionProperties) = preSolution
		HideSolutionNode = FALSE
	EndGlobalSection
	GlobalSection(ExtensibilityGlobals) = postSolution
		SolutionGuid = {343AF40E-058C-4DC4-B88D-0C4436396653}
	EndGlobalSection
EndGlobal
